// !$*UTF8*$!
{
	archiveVersion = 1;
	classes = {
	};
	objectVersion = 48;
	objects = {

/* Begin PBXBuildFile section */
		05609BD92162008200E46BD4 /* AppDelegate.swift in Sources */ = {isa = PBXBuildFile; fileRef = 05609BD82162008200E46BD4 /* AppDelegate.swift */; };
		05609BDB2162008200E46BD4 /* ViewController.swift in Sources */ = {isa = PBXBuildFile; fileRef = 05609BDA2162008200E46BD4 /* ViewController.swift */; };
		05609BDE2162008200E46BD4 /* Main.storyboard in Resources */ = {isa = PBXBuildFile; fileRef = 05609BDC2162008200E46BD4 /* Main.storyboard */; };
		05609BE02162008200E46BD4 /* Assets.xcassets in Resources */ = {isa = PBXBuildFile; fileRef = 05609BDF2162008200E46BD4 /* Assets.xcassets */; };
		05609BE32162008200E46BD4 /* LaunchScreen.storyboard in Resources */ = {isa = PBXBuildFile; fileRef = 05609BE12162008200E46BD4 /* LaunchScreen.storyboard */; };
		05609BF1216201C700E46BD4 /* FitLogoBackgroundViewController.swift in Sources */ = {isa = PBXBuildFile; fileRef = 05609BF0216201C700E46BD4 /* FitLogoBackgroundViewController.swift */; };
		05609BF321626E7F00E46BD4 /* PageViewController.swift in Sources */ = {isa = PBXBuildFile; fileRef = 05609BF221626E7F00E46BD4 /* PageViewController.swift */; };
		05609BF52162706E00E46BD4 /* SelectGenderViewController.swift in Sources */ = {isa = PBXBuildFile; fileRef = 05609BF42162706E00E46BD4 /* SelectGenderViewController.swift */; };
		05609BF72162720D00E46BD4 /* SelectAgeViewController.swift in Sources */ = {isa = PBXBuildFile; fileRef = 05609BF62162720D00E46BD4 /* SelectAgeViewController.swift */; };
		05609BF92163474C00E46BD4 /* AlarmNavigationViewController.swift in Sources */ = {isa = PBXBuildFile; fileRef = 05609BF82163474C00E46BD4 /* AlarmNavigationViewController.swift */; };
		05609C0121634C5000E46BD4 /* AlarmListViewController.swift in Sources */ = {isa = PBXBuildFile; fileRef = 05609C0021634C5000E46BD4 /* AlarmListViewController.swift */; };
		05E1197021638E52007AE7BF /* DetailScreenlViewController.swift in Sources */ = {isa = PBXBuildFile; fileRef = 05E1196F21638E52007AE7BF /* DetailScreenlViewController.swift */; };
/* End PBXBuildFile section */

/* Begin PBXFileReference section */
		05609BD52162008200E46BD4 /* FitLog.io.app */ = {isa = PBXFileReference; explicitFileType = wrapper.application; includeInIndex = 0; path = FitLog.io.app; sourceTree = BUILT_PRODUCTS_DIR; };
		05609BD82162008200E46BD4 /* AppDelegate.swift */ = {isa = PBXFileReference; lastKnownFileType = sourcecode.swift; path = AppDelegate.swift; sourceTree = "<group>"; };
		05609BDA2162008200E46BD4 /* ViewController.swift */ = {isa = PBXFileReference; lastKnownFileType = sourcecode.swift; path = ViewController.swift; sourceTree = "<group>"; };
		05609BDD2162008200E46BD4 /* Base */ = {isa = PBXFileReference; lastKnownFileType = file.storyboard; name = Base; path = Base.lproj/Main.storyboard; sourceTree = "<group>"; };
		05609BDF2162008200E46BD4 /* Assets.xcassets */ = {isa = PBXFileReference; lastKnownFileType = folder.assetcatalog; path = Assets.xcassets; sourceTree = "<group>"; };
		05609BE22162008200E46BD4 /* Base */ = {isa = PBXFileReference; lastKnownFileType = file.storyboard; name = Base; path = Base.lproj/LaunchScreen.storyboard; sourceTree = "<group>"; };
		05609BE42162008200E46BD4 /* Info.plist */ = {isa = PBXFileReference; lastKnownFileType = text.plist.xml; path = Info.plist; sourceTree = "<group>"; };
		05609BF0216201C700E46BD4 /* FitLogoBackgroundViewController.swift */ = {isa = PBXFileReference; lastKnownFileType = sourcecode.swift; path = FitLogoBackgroundViewController.swift; sourceTree = "<group>"; };
		05609BF221626E7F00E46BD4 /* PageViewController.swift */ = {isa = PBXFileReference; lastKnownFileType = sourcecode.swift; path = PageViewController.swift; sourceTree = "<group>"; };
		05609BF42162706E00E46BD4 /* SelectGenderViewController.swift */ = {isa = PBXFileReference; lastKnownFileType = sourcecode.swift; path = SelectGenderViewController.swift; sourceTree = "<group>"; };
		05609BF62162720D00E46BD4 /* SelectAgeViewController.swift */ = {isa = PBXFileReference; lastKnownFileType = sourcecode.swift; path = SelectAgeViewController.swift; sourceTree = "<group>"; };
		05609BF82163474C00E46BD4 /* AlarmNavigationViewController.swift */ = {isa = PBXFileReference; lastKnownFileType = sourcecode.swift; path = AlarmNavigationViewController.swift; sourceTree = "<group>"; };
		05609C0021634C5000E46BD4 /* AlarmListViewController.swift */ = {isa = PBXFileReference; lastKnownFileType = sourcecode.swift; path = AlarmListViewController.swift; sourceTree = "<group>"; };
		05E1196F21638E52007AE7BF /* DetailScreenlViewController.swift */ = {isa = PBXFileReference; lastKnownFileType = sourcecode.swift; path = DetailScreenlViewController.swift; sourceTree = "<group>"; };
/* End PBXFileReference section */

/* Begin PBXFrameworksBuildPhase section */
		05609BD22162008200E46BD4 /* Frameworks */ = {
			isa = PBXFrameworksBuildPhase;
			buildActionMask = 2147483647;
			files = (
			);
			runOnlyForDeploymentPostprocessing = 0;
		};
/* End PBXFrameworksBuildPhase section */

/* Begin PBXGroup section */
		05609BCC2162008200E46BD4 = {
			isa = PBXGroup;
			children = (
				05609BD72162008200E46BD4 /* FitLog.io */,
				05609BD62162008200E46BD4 /* Products */,
			);
			sourceTree = "<group>";
		};
		05609BD62162008200E46BD4 /* Products */ = {
			isa = PBXGroup;
			children = (
				05609BD52162008200E46BD4 /* FitLog.io.app */,
			);
			name = Products;
			sourceTree = "<group>";
		};
		05609BD72162008200E46BD4 /* FitLog.io */ = {
			isa = PBXGroup;
			children = (
				05609BD82162008200E46BD4 /* AppDelegate.swift */,
				05609BDA2162008200E46BD4 /* ViewController.swift */,
				05609BF221626E7F00E46BD4 /* PageViewController.swift */,
				05609BF42162706E00E46BD4 /* SelectGenderViewController.swift */,
				05609BF0216201C700E46BD4 /* FitLogoBackgroundViewController.swift */,
				05609BDC2162008200E46BD4 /* Main.storyboard */,
				05E1196F21638E52007AE7BF /* DetailScreenlViewController.swift */,
				05609C0021634C5000E46BD4 /* AlarmListViewController.swift */,
				05609BF82163474C00E46BD4 /* AlarmNavigationViewController.swift */,
				05609BF62162720D00E46BD4 /* SelectAgeViewController.swift */,
				05609BDF2162008200E46BD4 /* Assets.xcassets */,
				05609BE12162008200E46BD4 /* LaunchScreen.storyboard */,
				05609BE42162008200E46BD4 /* Info.plist */,
			);
			path = FitLog.io;
			sourceTree = "<group>";
		};
/* End PBXGroup section */

/* Begin PBXNativeTarget section */
		05609BD42162008200E46BD4 /* FitLog.io */ = {
			isa = PBXNativeTarget;
			buildConfigurationList = 05609BE72162008200E46BD4 /* Build configuration list for PBXNativeTarget "FitLog.io" */;
			buildPhases = (
				05609BD12162008200E46BD4 /* Sources */,
				05609BD22162008200E46BD4 /* Frameworks */,
				05609BD32162008200E46BD4 /* Resources */,
			);
			buildRules = (
			);
			dependencies = (
			);
			name = FitLog.io;
			productName = FitLog.io;
			productReference = 05609BD52162008200E46BD4 /* FitLog.io.app */;
			productType = "com.apple.product-type.application";
		};
/* End PBXNativeTarget section */

/* Begin PBXProject section */
		05609BCD2162008200E46BD4 /* Project object */ = {
			isa = PBXProject;
			attributes = {
				LastSwiftUpdateCheck = 0920;
				LastUpgradeCheck = 0920;
				ORGANIZATIONNAME = Robotika;
				TargetAttributes = {
					05609BD42162008200E46BD4 = {
						CreatedOnToolsVersion = 9.2;
						ProvisioningStyle = Automatic;
					};
				};
			};
			buildConfigurationList = 05609BD02162008200E46BD4 /* Build configuration list for PBXProject "FitLog.io" */;
			compatibilityVersion = "Xcode 8.0";
			developmentRegion = en;
			hasScannedForEncodings = 0;
			knownRegions = (
				en,
				Base,
			);
			mainGroup = 05609BCC2162008200E46BD4;
			productRefGroup = 05609BD62162008200E46BD4 /* Products */;
			projectDirPath = "";
			projectRoot = "";
			targets = (
				05609BD42162008200E46BD4 /* FitLog.io */,
			);
		};
/* End PBXProject section */

/* Begin PBXResourcesBuildPhase section */
		05609BD32162008200E46BD4 /* Resources */ = {
			isa = PBXResourcesBuildPhase;
			buildActionMask = 2147483647;
			files = (
				05609BE32162008200E46BD4 /* LaunchScreen.storyboard in Resources */,
				05609BE02162008200E46BD4 /* Assets.xcassets in Resources */,
				05609BDE2162008200E46BD4 /* Main.storyboard in Resources */,
			);
			runOnlyForDeploymentPostprocessing = 0;
		};
/* End PBXResourcesBuildPhase section */

/* Begin PBXSourcesBuildPhase section */
		05609BD12162008200E46BD4 /* Sources */ = {
			isa = PBXSourcesBuildPhase;
			buildActionMask = 2147483647;
			files = (
				05609BF1216201C700E46BD4 /* FitLogoBackgroundViewController.swift in Sources */,
				05609BF52162706E00E46BD4 /* SelectGenderViewController.swift in Sources */,
				05609BF72162720D00E46BD4 /* SelectAgeViewController.swift in Sources */,
				05609C0121634C5000E46BD4 /* AlarmListViewController.swift in Sources */,
				05E1197021638E52007AE7BF /* DetailScreenlViewController.swift in Sources */,
				05609BF92163474C00E46BD4 /* AlarmNavigationViewController.swift in Sources */,
				05609BDB2162008200E46BD4 /* ViewController.swift in Sources */,
				05609BD92162008200E46BD4 /* AppDelegate.swift in Sources */,
				05609BF321626E7F00E46BD4 /* PageViewController.swift in Sources */,
			);
			runOnlyForDeploymentPostprocessing = 0;
		};
/* End PBXSourcesBuildPhase section */

/* Begin PBXVariantGroup section */
		05609BDC2162008200E46BD4 /* Main.storyboard */ = {
			isa = PBXVariantGroup;
			children = (
				05609BDD2162008200E46BD4 /* Base */,
			);
			name = Main.storyboard;
			sourceTree = "<group>";
		};
		05609BE12162008200E46BD4 /* LaunchScreen.storyboard */ = {
			isa = PBXVariantGroup;
			children = (
				05609BE22162008200E46BD4 /* Base */,
			);
			name = LaunchScreen.storyboard;
			sourceTree = "<group>";
		};
/* End PBXVariantGroup section */

/* Begin XCBuildConfiguration section */
		05609BE52162008200E46BD4 /* Debug */ = {
			isa = XCBuildConfiguration;
			buildSettings = {
				ALWAYS_SEARCH_USER_PATHS = NO;
				CLANG_ANALYZER_NONNULL = YES;
				CLANG_ANALYZER_NUMBER_OBJECT_CONVERSION = YES_AGGRESSIVE;
				CLANG_CXX_LANGUAGE_STANDARD = "gnu++14";
				CLANG_CXX_LIBRARY = "libc++";
				CLANG_ENABLE_MODULES = YES;
				CLANG_ENABLE_OBJC_ARC = YES;
				CLANG_WARN_BLOCK_CAPTURE_AUTORELEASING = YES;
				CLANG_WARN_BOOL_CONVERSION = YES;
				CLANG_WARN_COMMA = YES;
				CLANG_WARN_CONSTANT_CONVERSION = YES;
				CLANG_WARN_DIRECT_OBJC_ISA_USAGE = YES_ERROR;
				CLANG_WARN_DOCUMENTATION_COMMENTS = YES;
				CLANG_WARN_EMPTY_BODY = YES;
				CLANG_WARN_ENUM_CONVERSION = YES;
				CLANG_WARN_INFINITE_RECURSION = YES;
				CLANG_WARN_INT_CONVERSION = YES;
				CLANG_WARN_NON_LITERAL_NULL_CONVERSION = YES;
				CLANG_WARN_OBJC_LITERAL_CONVERSION = YES;
				CLANG_WARN_OBJC_ROOT_CLASS = YES_ERROR;
				CLANG_WARN_RANGE_LOOP_ANALYSIS = YES;
				CLANG_WARN_STRICT_PROTOTYPES = YES;
				CLANG_WARN_SUSPICIOUS_MOVE = YES;
				CLANG_WARN_UNGUARDED_AVAILABILITY = YES_AGGRESSIVE;
				CLANG_WARN_UNREACHABLE_CODE = YES;
				CLANG_WARN__DUPLICATE_METHOD_MATCH = YES;
				CODE_SIGN_IDENTITY = "iPhone Developer";
				COPY_PHASE_STRIP = NO;
				DEBUG_INFORMATION_FORMAT = dwarf;
				ENABLE_STRICT_OBJC_MSGSEND = YES;
				ENABLE_TESTABILITY = YES;
				GCC_C_LANGUAGE_STANDARD = gnu11;
				GCC_DYNAMIC_NO_PIC = NO;
				GCC_NO_COMMON_BLOCKS = YES;
				GCC_OPTIMIZATION_LEVEL = 0;
				GCC_PREPROCESSOR_DEFINITIONS = (
					"DEBUG=1",
					"$(inherited)",
				);
				GCC_WARN_64_TO_32_BIT_CONVERSION = YES;
				GCC_WARN_ABOUT_RETURN_TYPE = YES_ERROR;
				GCC_WARN_UNDECLARED_SELECTOR = YES;
				GCC_WARN_UNINITIALIZED_AUTOS = YES_AGGRESSIVE;
				GCC_WARN_UNUSED_FUNCTION = YES;
				GCC_WARN_UNUSED_VARIABLE = YES;
				IPHONEOS_DEPLOYMENT_TARGET = 11.2;
				MTL_ENABLE_DEBUG_INFO = YES;
				ONLY_ACTIVE_ARCH = YES;
				SDKROOT = iphoneos;
				SWIFT_ACTIVE_COMPILATION_CONDITIONS = DEBUG;
				SWIFT_OPTIMIZATION_LEVEL = "-Onone";
			};
			name = Debug;
		};
		05609BE62162008200E46BD4 /* Release */ = {
			isa = XCBuildConfiguration;
			buildSettings = {
				ALWAYS_SEARCH_USER_PATHS = NO;
				CLANG_ANALYZER_NONNULL = YES;
				CLANG_ANALYZER_NUMBER_OBJECT_CONVERSION = YES_AGGRESSIVE;
				CLANG_CXX_LANGUAGE_STANDARD = "gnu++14";
				CLANG_CXX_LIBRARY = "libc++";
				CLANG_ENABLE_MODULES = YES;
				CLANG_ENABLE_OBJC_ARC = YES;
				CLANG_WARN_BLOCK_CAPTURE_AUTORELEASING = YES;
				CLANG_WARN_BOOL_CONVERSION = YES;
				CLANG_WARN_COMMA = YES;
				CLANG_WARN_CONSTANT_CONVERSION = YES;
				CLANG_WARN_DIRECT_OBJC_ISA_USAGE = YES_ERROR;
				CLANG_WARN_DOCUMENTATION_COMMENTS = YES;
				CLANG_WARN_EMPTY_BODY = YES;
				CLANG_WARN_ENUM_CONVERSION = YES;
				CLANG_WARN_INFINITE_RECURSION = YES;
				CLANG_WARN_INT_CONVERSION = YES;
				CLANG_WARN_NON_LITERAL_NULL_CONVERSION = YES;
				CLANG_WARN_OBJC_LITERAL_CONVERSION = YES;
				CLANG_WARN_OBJC_ROOT_CLASS = YES_ERROR;
				CLANG_WARN_RANGE_LOOP_ANALYSIS = YES;
				CLANG_WARN_STRICT_PROTOTYPES = YES;
				CLANG_WARN_SUSPICIOUS_MOVE = YES;
				CLANG_WARN_UNGUARDED_AVAILABILITY = YES_AGGRESSIVE;
				CLANG_WARN_UNREACHABLE_CODE = YES;
				CLANG_WARN__DUPLICATE_METHOD_MATCH = YES;
				CODE_SIGN_IDENTITY = "iPhone Developer";
				COPY_PHASE_STRIP = NO;
				DEBUG_INFORMATION_FORMAT = "dwarf-with-dsym";
				ENABLE_NS_ASSERTIONS = NO;
				ENABLE_STRICT_OBJC_MSGSEND = YES;
				GCC_C_LANGUAGE_STANDARD = gnu11;
				GCC_NO_COMMON_BLOCKS = YES;
				GCC_WARN_64_TO_32_BIT_CONVERSION = YES;
				GCC_WARN_ABOUT_RETURN_TYPE = YES_ERROR;
				GCC_WARN_UNDECLARED_SELECTOR = YES;
				GCC_WARN_UNINITIALIZED_AUTOS = YES_AGGRESSIVE;
				GCC_WARN_UNUSED_FUNCTION = YES;
				GCC_WARN_UNUSED_VARIABLE = YES;
				IPHONEOS_DEPLOYMENT_TARGET = 11.2;
				MTL_ENABLE_DEBUG_INFO = NO;
				SDKROOT = iphoneos;
				SWIFT_OPTIMIZATION_LEVEL = "-Owholemodule";
				VALIDATE_PRODUCT = YES;
			};
			name = Release;
		};
		05609BE82162008200E46BD4 /* Debug */ = {
			isa = XCBuildConfiguration;
			buildSettings = {
				ASSETCATALOG_COMPILER_APPICON_NAME = AppIcon;
				CLANG_ANALYZER_SECURITY_FLOATLOOPCOUNTER = YES;
				CODE_SIGN_STYLE = Automatic;
				INFOPLIST_FILE = FitLog.io/Info.plist;
				LD_RUNPATH_SEARCH_PATHS = "$(inherited) @executable_path/Frameworks";
				PRODUCT_BUNDLE_IDENTIFIER = "com.robotika.FitLog-io";
				PRODUCT_NAME = "$(TARGET_NAME)";
				SWIFT_VERSION = 4.0;
				TARGETED_DEVICE_FAMILY = 2;
			};
			name = Debug;
		};
		05609BE92162008200E46BD4 /* Release */ = {
			isa = XCBuildConfiguration;
			buildSettings = {
				ASSETCATALOG_COMPILER_APPICON_NAME = AppIcon;
				CLANG_ANALYZER_SECURITY_FLOATLOOPCOUNTER = YES;
				CODE_SIGN_STYLE = Automatic;
				INFOPLIST_FILE = FitLog.io/Info.plist;
				LD_RUNPATH_SEARCH_PATHS = "$(inherited) @executable_path/Frameworks";
				PRODUCT_BUNDLE_IDENTIFIER = "com.robotika.FitLog-io";
				PRODUCT_NAME = "$(TARGET_NAME)";
				SWIFT_VERSION = 4.0;
				TARGETED_DEVICE_FAMILY = 2;
			};
			name = Release;
		};
/* End XCBuildConfiguration section */

/* Begin XCConfigurationList section */
		05609BD02162008200E46BD4 /* Build configuration list for PBXProject "FitLog.io" */ = {
			isa = XCConfigurationList;
			buildConfigurations = (
				05609BE52162008200E46BD4 /* Debug */,
				05609BE62162008200E46BD4 /* Release */,
			);
			defaultConfigurationIsVisible = 0;
			defaultConfigurationName = Release;
		};
		05609BE72162008200E46BD4 /* Build configuration list for PBXNativeTarget "FitLog.io" */ = {
			isa = XCConfigurationList;
			buildConfigurations = (
				05609BE82162008200E46BD4 /* Debug */,
				05609BE92162008200E46BD4 /* Release */,
			);
			defaultConfigurationIsVisible = 0;
			defaultConfigurationName = Release;
		};
/* End XCConfigurationList section */
	};
	rootObject = 05609BCD2162008200E46BD4 /* Project object */;
}
